
Microsoft Visual Studio Solution File, Format Version 12.00
# Visual Studio 15
VisualStudioVersion = 15.0.28307.421
MinimumVisualStudioVersion = 10.0.40219.1
Project("{FAE04EC0-301F-11D3-BF4B-00C04F79EFBC}") = "DataRetrieval", "DataRetrieval\DataRetrieval.csproj", "{A9A98703-E2C9-4B50-BFD5-36F204FC26D1}"
EndProject
Global
	GlobalSection(SolutionConfigurationPlatforms) = preSolution
		Debug|Any CPU = Debug|Any CPU
		Release|Any CPU = Release|Any CPU
	EndGlobalSection
	GlobalSection(ProjectConfigurationPlatforms) = postSolution
		{A9A98703-E2C9-4B50-BFD5-36F204FC26D1}.Debug|Any CPU.ActiveCfg = Debug|Any CPU
		{A9A98703-E2C9-4B50-BFD5-36F204FC26D1}.Debug|Any CPU.Build.0 = Debug|Any CPU
		{A9A98703-E2C9-4B50-BFD5-36F204FC26D1}.Release|Any CPU.ActiveCfg = Release|Any CPU
		{A9A98703-E2C9-4B50-BFD5-36F204FC26D1}.Release|Any CPU.Build.0 = Release|Any CPU
	EndGlobalSection
	GlobalSection(SolutionProperties) = preSolution
		HideSolutionNode = FALSE
	EndGlobalSection
	GlobalSection(ExtensibilityGlobals) = postSolution
		SolutionGuid = {2E964803-F274-42DA-8B5C-C54D6EA89B2C}
	EndGlobalSection
EndGlobal
